// !$*UTF8*$!
{
	archiveVersion = 1;
	classes = {
	};
	objectVersion = 46;
	objects = {

/* Begin PBXBuildFile section */
		A567AAD51C3DA83B00998197 /* main.m in Sources */ = {isa = PBXBuildFile; fileRef = A567AAD41C3DA83B00998197 /* main.m */; };
		A567AAD81C3DA83B00998197 /* AppDelegate.m in Sources */ = {isa = PBXBuildFile; fileRef = A567AAD71C3DA83B00998197 /* AppDelegate.m */; };
		A567AAE11C3DA83B00998197 /* HypnoDouglas.xcdatamodeld in Sources */ = {isa = PBXBuildFile; fileRef = A567AADF1C3DA83B00998197 /* HypnoDouglas.xcdatamodeld */; };
		A567AAE31C3DA83B00998197 /* Assets.xcassets in Resources */ = {isa = PBXBuildFile; fileRef = A567AAE21C3DA83B00998197 /* Assets.xcassets */; };
		A567AAF11C3DA83B00998197 /* HypnoDouglasTests.m in Sources */ = {isa = PBXBuildFile; fileRef = A567AAF01C3DA83B00998197 /* HypnoDouglasTests.m */; };
		A567AAFC1C3DA83B00998197 /* HypnoDouglasUITests.m in Sources */ = {isa = PBXBuildFile; fileRef = A567AAFB1C3DA83B00998197 /* HypnoDouglasUITests.m */; };
		A567AB0D1C3DA9A100998197 /* DMBHypnosisView.m in Sources */ = {isa = PBXBuildFile; fileRef = A567AB0A1C3DA9A100998197 /* DMBHypnosisView.m */; };
		A567AB121C3DAAC000998197 /* DMBHypnosisViewController.m in Sources */ = {isa = PBXBuildFile; fileRef = A567AB111C3DAAC000998197 /* DMBHypnosisViewController.m */; };
		A573472B1C3DB7EC000E0267 /* DMBReminderViewController.m in Sources */ = {isa = PBXBuildFile; fileRef = A573472A1C3DB7EC000E0267 /* DMBReminderViewController.m */; };
		A573472D1C3DB935000E0267 /* DMBReminderViewController.xib in Resources */ = {isa = PBXBuildFile; fileRef = A573472C1C3DB935000E0267 /* DMBReminderViewController.xib */; };
/* End PBXBuildFile section */

/* Begin PBXContainerItemProxy section */
		A567AAED1C3DA83B00998197 /* PBXContainerItemProxy */ = {
			isa = PBXContainerItemProxy;
			containerPortal = A567AAC81C3DA83B00998197 /* Project object */;
			proxyType = 1;
			remoteGlobalIDString = A567AACF1C3DA83B00998197;
			remoteInfo = HypnoDouglas;
		};
		A567AAF81C3DA83B00998197 /* PBXContainerItemProxy */ = {
			isa = PBXContainerItemProxy;
			containerPortal = A567AAC81C3DA83B00998197 /* Project object */;
			proxyType = 1;
			remoteGlobalIDString = A567AACF1C3DA83B00998197;
			remoteInfo = HypnoDouglas;
		};
/* End PBXContainerItemProxy section */

/* Begin PBXFileReference section */
		A567AAD01C3DA83B00998197 /* HypnoDouglas.app */ = {isa = PBXFileReference; explicitFileType = wrapper.application; includeInIndex = 0; path = HypnoDouglas.app; sourceTree = BUILT_PRODUCTS_DIR; };
		A567AAD41C3DA83B00998197 /* main.m */ = {isa = PBXFileReference; lastKnownFileType = sourcecode.c.objc; path = main.m; sourceTree = "<group>"; };
		A567AAD61C3DA83B00998197 /* AppDelegate.h */ = {isa = PBXFileReference; lastKnownFileType = sourcecode.c.h; path = AppDelegate.h; sourceTree = "<group>"; };
		A567AAD71C3DA83B00998197 /* AppDelegate.m */ = {isa = PBXFileReference; lastKnownFileType = sourcecode.c.objc; path = AppDelegate.m; sourceTree = "<group>"; };
		A567AAE01C3DA83B00998197 /* HypnoDouglas.xcdatamodel */ = {isa = PBXFileReference; lastKnownFileType = wrapper.xcdatamodel; path = HypnoDouglas.xcdatamodel; sourceTree = "<group>"; };
		A567AAE21C3DA83B00998197 /* Assets.xcassets */ = {isa = PBXFileReference; lastKnownFileType = folder.assetcatalog; path = Assets.xcassets; sourceTree = "<group>"; };
		A567AAE71C3DA83B00998197 /* Info.plist */ = {isa = PBXFileReference; lastKnownFileType = text.plist.xml; path = Info.plist; sourceTree = "<group>"; };
		A567AAEC1C3DA83B00998197 /* HypnoDouglasTests.xctest */ = {isa = PBXFileReference; explicitFileType = wrapper.cfbundle; includeInIndex = 0; path = HypnoDouglasTests.xctest; sourceTree = BUILT_PRODUCTS_DIR; };
		A567AAF01C3DA83B00998197 /* HypnoDouglasTests.m */ = {isa = PBXFileReference; lastKnownFileType = sourcecode.c.objc; path = HypnoDouglasTests.m; sourceTree = "<group>"; };
		A567AAF21C3DA83B00998197 /* Info.plist */ = {isa = PBXFileReference; lastKnownFileType = text.plist.xml; path = Info.plist; sourceTree = "<group>"; };
		A567AAF71C3DA83B00998197 /* HypnoDouglasUITests.xctest */ = {isa = PBXFileReference; explicitFileType = wrapper.cfbundle; includeInIndex = 0; path = HypnoDouglasUITests.xctest; sourceTree = BUILT_PRODUCTS_DIR; };
		A567AAFB1C3DA83B00998197 /* HypnoDouglasUITests.m */ = {isa = PBXFileReference; lastKnownFileType = sourcecode.c.objc; path = HypnoDouglasUITests.m; sourceTree = "<group>"; };
		A567AAFD1C3DA83B00998197 /* Info.plist */ = {isa = PBXFileReference; lastKnownFileType = text.plist.xml; path = Info.plist; sourceTree = "<group>"; };
		A567AB091C3DA9A100998197 /* DMBHypnosisView.h */ = {isa = PBXFileReference; fileEncoding = 4; lastKnownFileType = sourcecode.c.h; path = DMBHypnosisView.h; sourceTree = "<group>"; };
		A567AB0A1C3DA9A100998197 /* DMBHypnosisView.m */ = {isa = PBXFileReference; fileEncoding = 4; lastKnownFileType = sourcecode.c.objc; path = DMBHypnosisView.m; sourceTree = "<group>"; };
		A567AB101C3DAAC000998197 /* DMBHypnosisViewController.h */ = {isa = PBXFileReference; fileEncoding = 4; lastKnownFileType = sourcecode.c.h; path = DMBHypnosisViewController.h; sourceTree = "<group>"; };
		A567AB111C3DAAC000998197 /* DMBHypnosisViewController.m */ = {isa = PBXFileReference; fileEncoding = 4; lastKnownFileType = sourcecode.c.objc; path = DMBHypnosisViewController.m; sourceTree = "<group>"; };
		A57347291C3DB7EC000E0267 /* DMBReminderViewController.h */ = {isa = PBXFileReference; fileEncoding = 4; lastKnownFileType = sourcecode.c.h; path = DMBReminderViewController.h; sourceTree = "<group>"; };
		A573472A1C3DB7EC000E0267 /* DMBReminderViewController.m */ = {isa = PBXFileReference; fileEncoding = 4; lastKnownFileType = sourcecode.c.objc; path = DMBReminderViewController.m; sourceTree = "<group>"; };
		A573472C1C3DB935000E0267 /* DMBReminderViewController.xib */ = {isa = PBXFileReference; fileEncoding = 4; lastKnownFileType = file.xib; path = DMBReminderViewController.xib; sourceTree = "<group>"; };
/* End PBXFileReference section */

/* Begin PBXFrameworksBuildPhase section */
		A567AACD1C3DA83B00998197 /* Frameworks */ = {
			isa = PBXFrameworksBuildPhase;
			buildActionMask = 2147483647;
			files = (
			);
			runOnlyForDeploymentPostprocessing = 0;
		};
		A567AAE91C3DA83B00998197 /* Frameworks */ = {
			isa = PBXFrameworksBuildPhase;
			buildActionMask = 2147483647;
			files = (
			);
			runOnlyForDeploymentPostprocessing = 0;
		};
		A567AAF41C3DA83B00998197 /* Frameworks */ = {
			isa = PBXFrameworksBuildPhase;
			buildActionMask = 2147483647;
			files = (
			);
			runOnlyForDeploymentPostprocessing = 0;
		};
/* End PBXFrameworksBuildPhase section */

/* Begin PBXGroup section */
		A567AAC71C3DA83B00998197 = {
			isa = PBXGroup;
			children = (
				A567AAD21C3DA83B00998197 /* HypnoDouglas */,
				A567AAEF1C3DA83B00998197 /* HypnoDouglasTests */,
				A567AAFA1C3DA83B00998197 /* HypnoDouglasUITests */,
				A567AAD11C3DA83B00998197 /* Products */,
			);
			sourceTree = "<group>";
		};
		A567AAD11C3DA83B00998197 /* Products */ = {
			isa = PBXGroup;
			children = (
				A567AAD01C3DA83B00998197 /* HypnoDouglas.app */,
				A567AAEC1C3DA83B00998197 /* HypnoDouglasTests.xctest */,
				A567AAF71C3DA83B00998197 /* HypnoDouglasUITests.xctest */,
			);
			name = Products;
			sourceTree = "<group>";
		};
		A567AAD21C3DA83B00998197 /* HypnoDouglas */ = {
			isa = PBXGroup;
			children = (
				A567AB0F1C3DA9AA00998197 /* Classes */,
				A567AAD31C3DA83B00998197 /* Supporting Files */,
				A567AAD61C3DA83B00998197 /* AppDelegate.h */,
				A567AAD71C3DA83B00998197 /* AppDelegate.m */,
				A567AAE21C3DA83B00998197 /* Assets.xcassets */,
				A567AADF1C3DA83B00998197 /* HypnoDouglas.xcdatamodeld */,
				A567AAE71C3DA83B00998197 /* Info.plist */,
			);
			path = HypnoDouglas;
			sourceTree = "<group>";
		};
		A567AAD31C3DA83B00998197 /* Supporting Files */ = {
			isa = PBXGroup;
			children = (
				A567AAD41C3DA83B00998197 /* main.m */,
			);
			path = "Supporting Files";
			sourceTree = "<group>";
		};
		A567AAEF1C3DA83B00998197 /* HypnoDouglasTests */ = {
			isa = PBXGroup;
			children = (
				A567AAF01C3DA83B00998197 /* HypnoDouglasTests.m */,
				A567AAF21C3DA83B00998197 /* Info.plist */,
			);
			path = HypnoDouglasTests;
			sourceTree = "<group>";
		};
		A567AAFA1C3DA83B00998197 /* HypnoDouglasUITests */ = {
			isa = PBXGroup;
			children = (
				A567AAFB1C3DA83B00998197 /* HypnoDouglasUITests.m */,
				A567AAFD1C3DA83B00998197 /* Info.plist */,
			);
			path = HypnoDouglasUITests;
			sourceTree = "<group>";
		};
		A567AB0F1C3DA9AA00998197 /* Classes */ = {
			isa = PBXGroup;
			children = (
				A57347281C3DB79F000E0267 /* Controller */,
				A57347271C3DB787000E0267 /* View */,
			);
			path = Classes;
			sourceTree = "<group>";
		};
		A57347271C3DB787000E0267 /* View */ = {
			isa = PBXGroup;
			children = (
				A567AB091C3DA9A100998197 /* DMBHypnosisView.h */,
				A567AB0A1C3DA9A100998197 /* DMBHypnosisView.m */,
				A573472C1C3DB935000E0267 /* DMBReminderViewController.xib */,
			);
			path = View;
			sourceTree = "<group>";
		};
		A57347281C3DB79F000E0267 /* Controller */ = {
			isa = PBXGroup;
			children = (
				A567AB101C3DAAC000998197 /* DMBHypnosisViewController.h */,
				A567AB111C3DAAC000998197 /* DMBHypnosisViewController.m */,
				A57347291C3DB7EC000E0267 /* DMBReminderViewController.h */,
				A573472A1C3DB7EC000E0267 /* DMBReminderViewController.m */,
			);
			path = Controller;
			sourceTree = "<group>";
		};
/* End PBXGroup section */

/* Begin PBXNativeTarget section */
		A567AACF1C3DA83B00998197 /* HypnoDouglas */ = {
			isa = PBXNativeTarget;
			buildConfigurationList = A567AB001C3DA83B00998197 /* Build configuration list for PBXNativeTarget "HypnoDouglas" */;
			buildPhases = (
				A567AACC1C3DA83B00998197 /* Sources */,
				A567AACD1C3DA83B00998197 /* Frameworks */,
				A567AACE1C3DA83B00998197 /* Resources */,
			);
			buildRules = (
			);
			dependencies = (
			);
			name = HypnoDouglas;
			productName = HypnoDouglas;
			productReference = A567AAD01C3DA83B00998197 /* HypnoDouglas.app */;
			productType = "com.apple.product-type.application";
		};
		A567AAEB1C3DA83B00998197 /* HypnoDouglasTests */ = {
			isa = PBXNativeTarget;
			buildConfigurationList = A567AB031C3DA83B00998197 /* Build configuration list for PBXNativeTarget "HypnoDouglasTests" */;
			buildPhases = (
				A567AAE81C3DA83B00998197 /* Sources */,
				A567AAE91C3DA83B00998197 /* Frameworks */,
				A567AAEA1C3DA83B00998197 /* Resources */,
			);
			buildRules = (
			);
			dependencies = (
				A567AAEE1C3DA83B00998197 /* PBXTargetDependency */,
			);
			name = HypnoDouglasTests;
			productName = HypnoDouglasTests;
			productReference = A567AAEC1C3DA83B00998197 /* HypnoDouglasTests.xctest */;
			productType = "com.apple.product-type.bundle.unit-test";
		};
		A567AAF61C3DA83B00998197 /* HypnoDouglasUITests */ = {
			isa = PBXNativeTarget;
			buildConfigurationList = A567AB061C3DA83B00998197 /* Build configuration list for PBXNativeTarget "HypnoDouglasUITests" */;
			buildPhases = (
				A567AAF31C3DA83B00998197 /* Sources */,
				A567AAF41C3DA83B00998197 /* Frameworks */,
				A567AAF51C3DA83B00998197 /* Resources */,
			);
			buildRules = (
			);
			dependencies = (
				A567AAF91C3DA83B00998197 /* PBXTargetDependency */,
			);
			name = HypnoDouglasUITests;
			productName = HypnoDouglasUITests;
			productReference = A567AAF71C3DA83B00998197 /* HypnoDouglasUITests.xctest */;
			productType = "com.apple.product-type.bundle.ui-testing";
		};
/* End PBXNativeTarget section */

/* Begin PBXProject section */
		A567AAC81C3DA83B00998197 /* Project object */ = {
			isa = PBXProject;
			attributes = {
				CLASSPREFIX = DMB;
				LastUpgradeCheck = 0720;
				ORGANIZATIONNAME = "Douglas Mendes";
				TargetAttributes = {
					A567AACF1C3DA83B00998197 = {
						CreatedOnToolsVersion = 7.2;
						DevelopmentTeam = WQVLGGBH98;
					};
					A567AAEB1C3DA83B00998197 = {
						CreatedOnToolsVersion = 7.2;
						DevelopmentTeam = WQVLGGBH98;
						TestTargetID = A567AACF1C3DA83B00998197;
					};
					A567AAF61C3DA83B00998197 = {
						CreatedOnToolsVersion = 7.2;
						DevelopmentTeam = WQVLGGBH98;
						TestTargetID = A567AACF1C3DA83B00998197;
					};
				};
			};
			buildConfigurationList = A567AACB1C3DA83B00998197 /* Build configuration list for PBXProject "HypnoDouglas" */;
			compatibilityVersion = "Xcode 3.2";
			developmentRegion = English;
			hasScannedForEncodings = 0;
			knownRegions = (
				en,
				Base,
			);
			mainGroup = A567AAC71C3DA83B00998197;
			productRefGroup = A567AAD11C3DA83B00998197 /* Products */;
			projectDirPath = "";
			projectRoot = "";
			targets = (
				A567AACF1C3DA83B00998197 /* HypnoDouglas */,
				A567AAEB1C3DA83B00998197 /* HypnoDouglasTests */,
				A567AAF61C3DA83B00998197 /* HypnoDouglasUITests */,
			);
		};
/* End PBXProject section */

/* Begin PBXResourcesBuildPhase section */
		A567AACE1C3DA83B00998197 /* Resources */ = {
			isa = PBXResourcesBuildPhase;
			buildActionMask = 2147483647;
			files = (
				A573472D1C3DB935000E0267 /* DMBReminderViewController.xib in Resources */,
				A567AAE31C3DA83B00998197 /* Assets.xcassets in Resources */,
			);
			runOnlyForDeploymentPostprocessing = 0;
		};
		A567AAEA1C3DA83B00998197 /* Resources */ = {
			isa = PBXResourcesBuildPhase;
			buildActionMask = 2147483647;
			files = (
			);
			runOnlyForDeploymentPostprocessing = 0;
		};
		A567AAF51C3DA83B00998197 /* Resources */ = {
			isa = PBXResourcesBuildPhase;
			buildActionMask = 2147483647;
			files = (
			);
			runOnlyForDeploymentPostprocessing = 0;
		};
/* End PBXResourcesBuildPhase section */

/* Begin PBXSourcesBuildPhase section */
		A567AACC1C3DA83B00998197 /* Sources */ = {
			isa = PBXSourcesBuildPhase;
			buildActionMask = 2147483647;
			files = (
				A573472B1C3DB7EC000E0267 /* DMBReminderViewController.m in Sources */,
				A567AAD81C3DA83B00998197 /* AppDelegate.m in Sources */,
				A567AAE11C3DA83B00998197 /* HypnoDouglas.xcdatamodeld in Sources */,
				A567AAD51C3DA83B00998197 /* main.m in Sources */,
				A567AB0D1C3DA9A100998197 /* DMBHypnosisView.m in Sources */,
				A567AB121C3DAAC000998197 /* DMBHypnosisViewController.m in Sources */,
			);
			runOnlyForDeploymentPostprocessing = 0;
		};
		A567AAE81C3DA83B00998197 /* Sources */ = {
			isa = PBXSourcesBuildPhase;
			buildActionMask = 2147483647;
			files = (
				A567AAF11C3DA83B00998197 /* HypnoDouglasTests.m in Sources */,
			);
			runOnlyForDeploymentPostprocessing = 0;
		};
		A567AAF31C3DA83B00998197 /* Sources */ = {
			isa = PBXSourcesBuildPhase;
			buildActionMask = 2147483647;
			files = (
				A567AAFC1C3DA83B00998197 /* HypnoDouglasUITests.m in Sources */,
			);
			runOnlyForDeploymentPostprocessing = 0;
		};
/* End PBXSourcesBuildPhase section */

/* Begin PBXTargetDependency section */
		A567AAEE1C3DA83B00998197 /* PBXTargetDependency */ = {
			isa = PBXTargetDependency;
			target = A567AACF1C3DA83B00998197 /* HypnoDouglas */;
			targetProxy = A567AAED1C3DA83B00998197 /* PBXContainerItemProxy */;
		};
		A567AAF91C3DA83B00998197 /* PBXTargetDependency */ = {
			isa = PBXTargetDependency;
			target = A567AACF1C3DA83B00998197 /* HypnoDouglas */;
			targetProxy = A567AAF81C3DA83B00998197 /* PBXContainerItemProxy */;
		};
/* End PBXTargetDependency section */

/* Begin XCBuildConfiguration section */
		A567AAFE1C3DA83B00998197 /* Debug */ = {
			isa = XCBuildConfiguration;
			buildSettings = {
				ALWAYS_SEARCH_USER_PATHS = NO;
				CLANG_CXX_LANGUAGE_STANDARD = "gnu++0x";
				CLANG_CXX_LIBRARY = "libc++";
				CLANG_ENABLE_MODULES = YES;
				CLANG_ENABLE_OBJC_ARC = YES;
				CLANG_WARN_BOOL_CONVERSION = YES;
				CLANG_WARN_CONSTANT_CONVERSION = YES;
				CLANG_WARN_DIRECT_OBJC_ISA_USAGE = YES_ERROR;
				CLANG_WARN_EMPTY_BODY = YES;
				CLANG_WARN_ENUM_CONVERSION = YES;
				CLANG_WARN_INT_CONVERSION = YES;
				CLANG_WARN_OBJC_ROOT_CLASS = YES_ERROR;
				CLANG_WARN_UNREACHABLE_CODE = YES;
				CLANG_WARN__DUPLICATE_METHOD_MATCH = YES;
				"CODE_SIGN_IDENTITY[sdk=iphoneos*]" = "iPhone Developer";
				COPY_PHASE_STRIP = NO;
				DEBUG_INFORMATION_FORMAT = dwarf;
				ENABLE_STRICT_OBJC_MSGSEND = YES;
				ENABLE_TESTABILITY = YES;
				GCC_C_LANGUAGE_STANDARD = gnu99;
				GCC_DYNAMIC_NO_PIC = NO;
				GCC_NO_COMMON_BLOCKS = YES;
				GCC_OPTIMIZATION_LEVEL = 0;
				GCC_PREPROCESSOR_DEFINITIONS = (
					"DEBUG=1",
					"$(inherited)",
				);
				GCC_WARN_64_TO_32_BIT_CONVERSION = YES;
				GCC_WARN_ABOUT_RETURN_TYPE = YES_ERROR;
				GCC_WARN_UNDECLARED_SELECTOR = YES;
				GCC_WARN_UNINITIALIZED_AUTOS = YES_AGGRESSIVE;
				GCC_WARN_UNUSED_FUNCTION = YES;
				GCC_WARN_UNUSED_VARIABLE = YES;
				IPHONEOS_DEPLOYMENT_TARGET = 9.2;
				MTL_ENABLE_DEBUG_INFO = YES;
				ONLY_ACTIVE_ARCH = YES;
				SDKROOT = iphoneos;
			};
			name = Debug;
		};
		A567AAFF1C3DA83B00998197 /* Release */ = {
			isa = XCBuildConfiguration;
			buildSettings = {
				ALWAYS_SEARCH_USER_PATHS = NO;
				CLANG_CXX_LANGUAGE_STANDARD = "gnu++0x";
				CLANG_CXX_LIBRARY = "libc++";
				CLANG_ENABLE_MODULES = YES;
				CLANG_ENABLE_OBJC_ARC = YES;
				CLANG_WARN_BOOL_CONVERSION = YES;
				CLANG_WARN_CONSTANT_CONVERSION = YES;
				CLANG_WARN_DIRECT_OBJC_ISA_USAGE = YES_ERROR;
				CLANG_WARN_EMPTY_BODY = YES;
				CLANG_WARN_ENUM_CONVERSION = YES;
				CLANG_WARN_INT_CONVERSION = YES;
				CLANG_WARN_OBJC_ROOT_CLASS = YES_ERROR;
				CLANG_WARN_UNREACHABLE_CODE = YES;
				CLANG_WARN__DUPLICATE_METHOD_MATCH = YES;
				"CODE_SIGN_IDENTITY[sdk=iphoneos*]" = "iPhone Developer";
				COPY_PHASE_STRIP = NO;
				DEBUG_INFORMATION_FORMAT = "dwarf-with-dsym";
				ENABLE_NS_ASSERTIONS = NO;
				ENABLE_STRICT_OBJC_MSGSEND = YES;
				GCC_C_LANGUAGE_STANDARD = gnu99;
				GCC_NO_COMMON_BLOCKS = YES;
				GCC_WARN_64_TO_32_BIT_CONVERSION = YES;
				GCC_WARN_ABOUT_RETURN_TYPE = YES_ERROR;
				GCC_WARN_UNDECLARED_SELECTOR = YES;
				GCC_WARN_UNINITIALIZED_AUTOS = YES_AGGRESSIVE;
				GCC_WARN_UNUSED_FUNCTION = YES;
				GCC_WARN_UNUSED_VARIABLE = YES;
				IPHONEOS_DEPLOYMENT_TARGET = 9.2;
				MTL_ENABLE_DEBUG_INFO = NO;
				SDKROOT = iphoneos;
				VALIDATE_PRODUCT = YES;
			};
			name = Release;
		};
		A567AB011C3DA83B00998197 /* Debug */ = {
			isa = XCBuildConfiguration;
			buildSettings = {
				ASSETCATALOG_COMPILER_APPICON_NAME = AppIcon;
				INFOPLIST_FILE = HypnoDouglas/Info.plist;
				LD_RUNPATH_SEARCH_PATHS = "$(inherited) @executable_path/Frameworks";
				PRODUCT_BUNDLE_IDENTIFIER = com.douglasmendes.HypnoDouglas;
				PRODUCT_NAME = "$(TARGET_NAME)";
			};
			name = Debug;
		};
		A567AB021C3DA83B00998197 /* Release */ = {
			isa = XCBuildConfiguration;
			buildSettings = {
				ASSETCATALOG_COMPILER_APPICON_NAME = AppIcon;
				INFOPLIST_FILE = HypnoDouglas/Info.plist;
				LD_RUNPATH_SEARCH_PATHS = "$(inherited) @executable_path/Frameworks";
				PRODUCT_BUNDLE_IDENTIFIER = com.douglasmendes.HypnoDouglas;
				PRODUCT_NAME = "$(TARGET_NAME)";
			};
			name = Release;
		};
		A567AB041C3DA83B00998197 /* Debug */ = {
			isa = XCBuildConfiguration;
			buildSettings = {
				BUNDLE_LOADER = "$(TEST_HOST)";
				INFOPLIST_FILE = HypnoDouglasTests/Info.plist;
				LD_RUNPATH_SEARCH_PATHS = "$(inherited) @executable_path/Frameworks @loader_path/Frameworks";
				PRODUCT_BUNDLE_IDENTIFIER = com.douglasmendes.HypnoDouglasTests;
				PRODUCT_NAME = "$(TARGET_NAME)";
				TEST_HOST = "$(BUILT_PRODUCTS_DIR)/HypnoDouglas.app/HypnoDouglas";
			};
			name = Debug;
		};
		A567AB051C3DA83B00998197 /* Release */ = {
			isa = XCBuildConfiguration;
			buildSettings = {
				BUNDLE_LOADER = "$(TEST_HOST)";
				INFOPLIST_FILE = HypnoDouglasTests/Info.plist;
				LD_RUNPATH_SEARCH_PATHS = "$(inherited) @executable_path/Frameworks @loader_path/Frameworks";
				PRODUCT_BUNDLE_IDENTIFIER = com.douglasmendes.HypnoDouglasTests;
				PRODUCT_NAME = "$(TARGET_NAME)";
				TEST_HOST = "$(BUILT_PRODUCTS_DIR)/HypnoDouglas.app/HypnoDouglas";
			};
			name = Release;
		};
		A567AB071C3DA83B00998197 /* Debug */ = {
			isa = XCBuildConfiguration;
			buildSettings = {
				INFOPLIST_FILE = HypnoDouglasUITests/Info.plist;
				LD_RUNPATH_SEARCH_PATHS = "$(inherited) @executable_path/Frameworks @loader_path/Frameworks";
				PRODUCT_BUNDLE_IDENTIFIER = com.douglasmendes.HypnoDouglasUITests;
				PRODUCT_NAME = "$(TARGET_NAME)";
				TEST_TARGET_NAME = HypnoDouglas;
				USES_XCTRUNNER = YES;
			};
			name = Debug;
		};
		A567AB081C3DA83B00998197 /* Release */ = {
			isa = XCBuildConfiguration;
			buildSettings = {
				INFOPLIST_FILE = HypnoDouglasUITests/Info.plist;
				LD_RUNPATH_SEARCH_PATHS = "$(inherited) @executable_path/Frameworks @loader_path/Frameworks";
				PRODUCT_BUNDLE_IDENTIFIER = com.douglasmendes.HypnoDouglasUITests;
				PRODUCT_NAME = "$(TARGET_NAME)";
				TEST_TARGET_NAME = HypnoDouglas;
				USES_XCTRUNNER = YES;
			};
			name = Release;
		};
/* End XCBuildConfiguration section */

/* Begin XCConfigurationList section */
		A567AACB1C3DA83B00998197 /* Build configuration list for PBXProject "HypnoDouglas" */ = {
			isa = XCConfigurationList;
			buildConfigurations = (
				A567AAFE1C3DA83B00998197 /* Debug */,
				A567AAFF1C3DA83B00998197 /* Release */,
			);
			defaultConfigurationIsVisible = 0;
			defaultConfigurationName = Release;
		};
		A567AB001C3DA83B00998197 /* Build configuration list for PBXNativeTarget "HypnoDouglas" */ = {
			isa = XCConfigurationList;
			buildConfigurations = (
				A567AB011C3DA83B00998197 /* Debug */,
				A567AB021C3DA83B00998197 /* Release */,
			);
			defaultConfigurationIsVisible = 0;
			defaultConfigurationName = Release;
		};
		A567AB031C3DA83B00998197 /* Build configuration list for PBXNativeTarget "HypnoDouglasTests" */ = {
			isa = XCConfigurationList;
			buildConfigurations = (
				A567AB041C3DA83B00998197 /* Debug */,
				A567AB051C3DA83B00998197 /* Release */,
			);
			defaultConfigurationIsVisible = 0;
			defaultConfigurationName = Release;
		};
		A567AB061C3DA83B00998197 /* Build configuration list for PBXNativeTarget "HypnoDouglasUITests" */ = {
			isa = XCConfigurationList;
			buildConfigurations = (
				A567AB071C3DA83B00998197 /* Debug */,
				A567AB081C3DA83B00998197 /* Release */,
			);
			defaultConfigurationIsVisible = 0;
			defaultConfigurationName = Release;
		};
/* End XCConfigurationList section */

/* Begin XCVersionGroup section */
		A567AADF1C3DA83B00998197 /* HypnoDouglas.xcdatamodeld */ = {
			isa = XCVersionGroup;
			children = (
				A567AAE01C3DA83B00998197 /* HypnoDouglas.xcdatamodel */,
			);
			currentVersion = A567AAE01C3DA83B00998197 /* HypnoDouglas.xcdatamodel */;
			path = HypnoDouglas.xcdatamodeld;
			sourceTree = "<group>";
			versionGroupType = wrapper.xcdatamodel;
		};
/* End XCVersionGroup section */
	};
	rootObject = A567AAC81C3DA83B00998197 /* Project object */;
}
